
Microsoft Visual Studio Solution File, Format Version 12.00
# Visual Studio 15
VisualStudioVersion = 15.0.28307.168
MinimumVisualStudioVersion = 10.0.40219.1
Project("{FAE04EC0-301F-11D3-BF4B-00C04F79EFBC}") = "Whisper", "Whisper.csproj", "{2C179CDE-12FC-433B-97CF-38B0C7D378E6}"
EndProject
Global
	GlobalSection(SolutionConfigurationPlatforms) = preSolution
		Debug|Any CPU = Debug|Any CPU
		Release|Any CPU = Release|Any CPU
	EndGlobalSection
	GlobalSection(ProjectConfigurationPlatforms) = postSolution
		{2C179CDE-12FC-433B-97CF-38B0C7D378E6}.Debug|Any CPU.ActiveCfg = Debug|Any CPU
		{2C179CDE-12FC-433B-97CF-38B0C7D378E6}.Debug|Any CPU.Build.0 = Debug|Any CPU
		{2C179CDE-12FC-433B-97CF-38B0C7D378E6}.Release|Any CPU.ActiveCfg = Release|Any CPU
		{2C179CDE-12FC-433B-97CF-38B0C7D378E6}.Release|Any CPU.Build.0 = Release|Any CPU
	EndGlobalSection
	GlobalSection(SolutionProperties) = preSolution
		HideSolutionNode = FALSE
	EndGlobalSection
	GlobalSection(ExtensibilityGlobals) = postSolution
		SolutionGuid = {9607466D-8A23-4E96-9F2D-DD66916A9980}
	EndGlobalSection
EndGlobal
